
Microsoft Visual Studio Solution File, Format Version 12.00
# Visual Studio Version 17
VisualStudioVersion = 17.6.33815.320
MinimumVisualStudioVersion = 10.0.40219.1
Project("{9A19103F-16F7-4668-BE54-9A1E7A4F7556}") = "DevFreela.API", "DevFreela.API\DevFreela.API.csproj", "{1DDFB6B4-038C-4330-B940-C4B116B1BD1D}"
EndProject
Project("{2150E333-8FDC-42A3-9474-1A3956D46DE8}") = "01 - API", "01 - API", "{3B031725-B748-4CDD-A8B0-03587A08370B}"
EndProject
Project("{FAE04EC0-301F-11D3-BF4B-00C04F79EFBC}") = "DevFreela.Core", "DevFreela.Core\DevFreela.Core.csproj", "{359B5E0C-C907-4A5A-B726-013664374440}"
EndProject
Global
	GlobalSection(SolutionConfigurationPlatforms) = preSolution
		Debug|Any CPU = Debug|Any CPU
		Release|Any CPU = Release|Any CPU
	EndGlobalSection
	GlobalSection(ProjectConfigurationPlatforms) = postSolution
		{1DDFB6B4-038C-4330-B940-C4B116B1BD1D}.Debug|Any CPU.ActiveCfg = Debug|Any CPU
		{1DDFB6B4-038C-4330-B940-C4B116B1BD1D}.Debug|Any CPU.Build.0 = Debug|Any CPU
		{1DDFB6B4-038C-4330-B940-C4B116B1BD1D}.Release|Any CPU.ActiveCfg = Release|Any CPU
		{1DDFB6B4-038C-4330-B940-C4B116B1BD1D}.Release|Any CPU.Build.0 = Release|Any CPU
		{359B5E0C-C907-4A5A-B726-013664374440}.Debug|Any CPU.ActiveCfg = Debug|Any CPU
		{359B5E0C-C907-4A5A-B726-013664374440}.Debug|Any CPU.Build.0 = Debug|Any CPU
		{359B5E0C-C907-4A5A-B726-013664374440}.Release|Any CPU.ActiveCfg = Release|Any CPU
		{359B5E0C-C907-4A5A-B726-013664374440}.Release|Any CPU.Build.0 = Release|Any CPU
	EndGlobalSection
	GlobalSection(SolutionProperties) = preSolution
		HideSolutionNode = FALSE
	EndGlobalSection
	GlobalSection(NestedProjects) = preSolution
		{1DDFB6B4-038C-4330-B940-C4B116B1BD1D} = {3B031725-B748-4CDD-A8B0-03587A08370B}
	EndGlobalSection
	GlobalSection(ExtensibilityGlobals) = postSolution
		SolutionGuid = {4DDCC495-34C2-4EC2-AB34-A875557CC55A}
	EndGlobalSection
EndGlobal
